
Microsoft Visual Studio Solution File, Format Version 12.00
# Visual Studio Version 16
VisualStudioVersion = 16.0.30114.105
MinimumVisualStudioVersion = 10.0.40219.1
Project("{9A19103F-16F7-4668-BE54-9A1E7A4F7556}") = "FactoryMethod", "FactoryMethod\FactoryMethod.csproj", "{224F4C6A-4354-4DDA-84BE-528F6D4F4C53}"
EndProject
Global
	GlobalSection(SolutionConfigurationPlatforms) = preSolution
		Debug|Any CPU = Debug|Any CPU
		Release|Any CPU = Release|Any CPU
	EndGlobalSection
	GlobalSection(ProjectConfigurationPlatforms) = postSolution
		{224F4C6A-4354-4DDA-84BE-528F6D4F4C53}.Debug|Any CPU.ActiveCfg = Debug|Any CPU
		{224F4C6A-4354-4DDA-84BE-528F6D4F4C53}.Debug|Any CPU.Build.0 = Debug|Any CPU
		{224F4C6A-4354-4DDA-84BE-528F6D4F4C53}.Release|Any CPU.ActiveCfg = Release|Any CPU
		{224F4C6A-4354-4DDA-84BE-528F6D4F4C53}.Release|Any CPU.Build.0 = Release|Any CPU
	EndGlobalSection
	GlobalSection(SolutionProperties) = preSolution
		HideSolutionNode = FALSE
	EndGlobalSection
	GlobalSection(ExtensibilityGlobals) = postSolution
		SolutionGuid = {D1AEE8B1-1BDE-4FDF-83FC-827A32E9625A}
	EndGlobalSection
EndGlobal
